Microsoft Visual Studio Solution File, Format Version 12.00
# Visual Studio 2012
Project("{8BC9CEB8-8B4A-11D0-8D11-00A0C91BC942}") = "MasterSwitcher", "src\MasterSwitcher\src\MasterSwitcher.vcxproj", "{284AA849-0083-39ED-BCFD-2FA275A23216}"
EndProject
Project("{8BC9CEB8-8B4A-11D0-8D11-00A0C91BC942}") = "TcpTester", "src\TcpTester\TcpTester.vcxproj", "{3B08E921-2E5C-3DD3-A90D-976899047CDC}"
EndProject
Global
	GlobalSection(SolutionConfigurationPlatforms) = preSolution
		Debug|Win32 = Debug|Win32
		Release|Win32 = Release|Win32
	EndGlobalSection
	GlobalSection(ProjectConfigurationPlatforms) = postSolution
		{284AA849-0083-39ED-BCFD-2FA275A23216}.Debug|Win32.ActiveCfg = Debug|Win32
		{284AA849-0083-39ED-BCFD-2FA275A23216}.Debug|Win32.Build.0 = Debug|Win32
		{284AA849-0083-39ED-BCFD-2FA275A23216}.Release|Win32.ActiveCfg = Release|Win32
		{284AA849-0083-39ED-BCFD-2FA275A23216}.Release|Win32.Build.0 = Release|Win32
		{3B08E921-2E5C-3DD3-A90D-976899047CDC}.Debug|Win32.ActiveCfg = Debug|Win32
		{3B08E921-2E5C-3DD3-A90D-976899047CDC}.Debug|Win32.Build.0 = Debug|Win32
		{3B08E921-2E5C-3DD3-A90D-976899047CDC}.Release|Win32.ActiveCfg = Release|Win32
		{3B08E921-2E5C-3DD3-A90D-976899047CDC}.Release|Win32.Build.0 = Release|Win32
	EndGlobalSection
	GlobalSection(SolutionProperties) = preSolution
		HideSolutionNode = FALSE
	EndGlobalSection
	GlobalSection(ExtensibilityGlobals) = postSolution
		Qt5Version = msvc2012_opengl
	EndGlobalSection
EndGlobal
