<?xml version="1.0" encoding="utf-8"?>
<Project ToolsVersion="4.0" xmlns="http://schemas.microsoft.com/developer/msbuild/2003">
  <ItemGroup>
    <Filter Include="Header Files">
      <UniqueIdentifier>{93995380-89BD-4b04-88EB-625FBE52EBFB}</UniqueIdentifier>
      <Extensions>h;hpp;hxx;hm;inl;inc;xsd</Extensions>
    </Filter>
    <Filter Include="Header Files">
      <UniqueIdentifier>{93995380-89BD-4b04-88EB-625FBE52EBFB}</UniqueIdentifier>
      <Extensions>h;hpp;hxx;hm;inl;inc;xsd</Extensions>
    </Filter>
    <Filter Include="Source Files">
      <UniqueIdentifier>{4FC737F1-C7A5-4376-A066-2A32D752A2FF}</UniqueIdentifier>
      <Extensions>cpp;c;cxx;def;odl;idl;hpj;bat;asm;asmx</Extensions>
    </Filter>
    <Filter Include="Source Files">
      <UniqueIdentifier>{4FC737F1-C7A5-4376-A066-2A32D752A2FF}</UniqueIdentifier>
      <Extensions>cpp;c;cxx;def;odl;idl;hpj;bat;asm;asmx</Extensions>
    </Filter>
  </ItemGroup>
  <ItemGroup>
    <ClCompile Include="..\psmlib\CommLibs\inc\record\DSRecord.cpp">
      <Filter>Source Files</Filter>
    </ClCompile>
    <ClCompile Include="app\app.cpp">
      <Filter>Source Files</Filter>
    </ClCompile>
    <ClCompile Include="app\app_intf.cpp">
      <Filter>Source Files</Filter>
    </ClCompile>
    <ClCompile Include="app\config.cpp">
      <Filter>Source Files</Filter>
    </ClCompile>
    <ClCompile Include="protocol\jk_cmd_buffer.cpp">
      <Filter>Source Files</Filter>
    </ClCompile>
    <ClCompile Include="protocol\jk_core.cpp">
      <Filter>Source Files</Filter>
    </ClCompile>
    <ClCompile Include="protocol\jk_crc.cpp">
      <Filter>Source Files</Filter>
    </ClCompile>
    <ClCompile Include="protocol\jk_function.cpp">
      <Filter>Source Files</Filter>
    </ClCompile>
    <ClCompile Include="protocol\jk_intf.cpp">
      <Filter>Source Files</Filter>
    </ClCompile>
    <ClCompile Include="protocol\jk_worker.cpp">
      <Filter>Source Files</Filter>
    </ClCompile>
    <ClCompile Include="protocol\jk_worker_common.cpp">
      <Filter>Source Files</Filter>
    </ClCompile>
    <ClCompile Include="protocol\jk_worker_protocol.cpp">
      <Filter>Source Files</Filter>
    </ClCompile>
    <ClCompile Include="main.cpp">
      <Filter>Source Files</Filter>
    </ClCompile>
    <ClCompile Include="..\psmlib\psmdll\psm_device.cpp">
      <Filter>Source Files</Filter>
    </ClCompile>
    <ClCompile Include="..\psmlib\psmdll\psm_file.cpp">
      <Filter>Source Files</Filter>
    </ClCompile>
    <ClCompile Include="..\psmlib\psmdll\psm_intf.cpp">
      <Filter>Source Files</Filter>
    </ClCompile>
    <ClCompile Include="..\psmlib\psmdll\psm_sys.cpp">
      <Filter>Source Files</Filter>
    </ClCompile>
    <ClCompile Include="station_client.cpp">
      <Filter>Source Files</Filter>
    </ClCompile>
    <ClCompile Include="station_server.cpp">
      <Filter>Source Files</Filter>
    </ClCompile>
    <ClCompile Include="..\common\conn\tcp.cpp">
      <Filter>Source Files</Filter>
    </ClCompile>
    <ClCompile Include="..\common\utils\util_buffer.cpp">
      <Filter>Source Files</Filter>
    </ClCompile>
    <ClCompile Include="..\common\utils\util_log.cpp">
      <Filter>Source Files</Filter>
    </ClCompile>
    <ClCompile Include="..\common\utils\utils.cpp">
      <Filter>Source Files</Filter>
    </ClCompile>
  </ItemGroup>
  <ItemGroup>
    <ClInclude Include="D:\tmp\psm_groundserver\src\psmlib\CommLibs\BigDataClientInterface\BigDataTransClientInterface.h">
      <Filter>Header Files</Filter>
    </ClInclude>
    <ClInclude Include="D:\tmp\psm_groundserver\src\psmlib\CommLibs\TicketClientInterface\ChartTicketServDataType.h">
      <Filter>Header Files</Filter>
    </ClInclude>
    <ClInclude Include="D:\tmp\psm_groundserver\src\psmlib\CommLibs\inc\record\DSRecord.h">
      <Filter>Header Files</Filter>
    </ClInclude>
    <ClInclude Include="D:\tmp\psm_groundserver\src\psmlib\CommLibs\RTDBClientInterface\ExtraDef.h">
      <Filter>Header Files</Filter>
    </ClInclude>
    <ClInclude Include="D:\tmp\psm_groundserver\src\psmlib\CommLibs\TicketClientInterface\ExtraDef.h">
      <Filter>Header Files</Filter>
    </ClInclude>
    <ClInclude Include="D:\tmp\psm_groundserver\src\psmlib\CommLibs\inc\P7DataType.h">
      <Filter>Header Files</Filter>
    </ClInclude>
    <ClInclude Include="D:\tmp\psm_groundserver\src\psmlib\CommLibs\inc\P7Protocol\P7ProtocolInsType.h">
      <Filter>Header Files</Filter>
    </ClInclude>
    <ClInclude Include="D:\tmp\psm_groundserver\src\psmlib\CommLibs\RTDBClientInterface\RTDBBusinessInterface.h">
      <Filter>Header Files</Filter>
    </ClInclude>
    <ClInclude Include="D:\tmp\psm_groundserver\src\psmlib\CommLibs\RTDBClientInterface\RTDBBusinessInterfaceDatatype.h">
      <Filter>Header Files</Filter>
    </ClInclude>
    <ClInclude Include="D:\tmp\psm_groundserver\src\psmlib\CommLibs\RTDBYKClientInterface\RTDBYKDLLDataType.h">
      <Filter>Header Files</Filter>
    </ClInclude>
    <ClInclude Include="D:\tmp\psm_groundserver\src\psmlib\CommLibs\RTDBYKClientInterface\RTDBYKDLLInterface.h">
      <Filter>Header Files</Filter>
    </ClInclude>
    <ClInclude Include="D:\tmp\psm_groundserver\src\psmlib\CommLibs\TicketClientInterface\TicketDLLInterface.h">
      <Filter>Header Files</Filter>
    </ClInclude>
    <ClInclude Include="D:\tmp\psm_groundserver\src\psmlib\CommLibs\TicketRelateInterface\TicketRelateDataType.h">
      <Filter>Header Files</Filter>
    </ClInclude>
    <ClInclude Include="D:\tmp\psm_groundserver\src\psmlib\CommLibs\TicketRelateInterface\TicketRelateExDataType.h">
      <Filter>Header Files</Filter>
    </ClInclude>
    <ClInclude Include="D:\tmp\psm_groundserver\src\psmlib\CommLibs\TicketRelateInterface\TicketRelateExInterface.h">
      <Filter>Header Files</Filter>
    </ClInclude>
    <ClInclude Include="D:\tmp\psm_groundserver\src\psmlib\CommLibs\TicketRelateInterface\TicketRelateInterface.h">
      <Filter>Header Files</Filter>
    </ClInclude>
    <ClInclude Include="D:\tmp\psm_groundserver\src\psmlib\CommLibs\WFServiceClientInterface\WFClientDLLDataType.h">
      <Filter>Header Files</Filter>
    </ClInclude>
    <ClInclude Include="D:\tmp\psm_groundserver\src\psmlib\CommLibs\WFServiceClientInterface\WFClientDLLInterface.h">
      <Filter>Header Files</Filter>
    </ClInclude>
    <ClInclude Include="D:\tmp\psm_groundserver\src\StationClient\app\app.h">
      <Filter>Header Files</Filter>
    </ClInclude>
    <ClInclude Include="D:\tmp\psm_groundserver\src\StationClient\app\app_intf.h">
      <Filter>Header Files</Filter>
    </ClInclude>
    <ClInclude Include="D:\tmp\psm_groundserver\src\StationClient\app\config.h">
      <Filter>Header Files</Filter>
    </ClInclude>
    <ClInclude Include="D:\tmp\psm_groundserver\src\StationClient\protocol\jk_cmd_buffer.h">
      <Filter>Header Files</Filter>
    </ClInclude>
    <ClInclude Include="D:\tmp\psm_groundserver\src\StationClient\protocol\jk_core.h">
      <Filter>Header Files</Filter>
    </ClInclude>
    <ClInclude Include="D:\tmp\psm_groundserver\src\StationClient\protocol\jk_crc.h">
      <Filter>Header Files</Filter>
    </ClInclude>
    <ClInclude Include="D:\tmp\psm_groundserver\src\StationClient\protocol\jk_def.h">
      <Filter>Header Files</Filter>
    </ClInclude>
    <ClInclude Include="D:\tmp\psm_groundserver\src\StationClient\protocol\jk_function.h">
      <Filter>Header Files</Filter>
    </ClInclude>
    <ClInclude Include="D:\tmp\psm_groundserver\src\StationClient\protocol\jk_intf.h">
      <Filter>Header Files</Filter>
    </ClInclude>
    <ClInclude Include="D:\tmp\psm_groundserver\src\StationClient\protocol\jk_worker.h">
      <Filter>Header Files</Filter>
    </ClInclude>
    <ClInclude Include="D:\tmp\psm_groundserver\src\StationClient\protocol\jk_worker_common.h">
      <Filter>Header Files</Filter>
    </ClInclude>
    <ClInclude Include="D:\tmp\psm_groundserver\src\StationClient\protocol\jk_worker_protocol.h">
      <Filter>Header Files</Filter>
    </ClInclude>
    <ClInclude Include="D:\tmp\psm_groundserver\src\common\sys\platform.h">
      <Filter>Header Files</Filter>
    </ClInclude>
    <ClInclude Include="D:\tmp\psm_groundserver\src\psmlib\psmdll\psm_def.h">
      <Filter>Header Files</Filter>
    </ClInclude>
    <ClInclude Include="D:\tmp\psm_groundserver\src\psmlib\psmdll\psm_device.h">
      <Filter>Header Files</Filter>
    </ClInclude>
    <ClInclude Include="D:\tmp\psm_groundserver\src\psmlib\psmdll\psm_file.h">
      <Filter>Header Files</Filter>
    </ClInclude>
    <ClInclude Include="D:\tmp\psm_groundserver\src\psmlib\psmdll\psm_intf.h">
      <Filter>Header Files</Filter>
    </ClInclude>
    <ClInclude Include="D:\tmp\psm_groundserver\src\psmlib\psmdll\psm_sys.h">
      <Filter>Header Files</Filter>
    </ClInclude>
    <ClInclude Include="D:\tmp\psm_groundserver\src\StationClient\station_client.h">
      <Filter>Header Files</Filter>
    </ClInclude>
    <ClInclude Include="D:\tmp\psm_groundserver\src\StationClient\station_def.h">
      <Filter>Header Files</Filter>
    </ClInclude>
    <ClInclude Include="D:\tmp\psm_groundserver\src\StationClient\station_server.h">
      <Filter>Header Files</Filter>
    </ClInclude>
    <ClInclude Include="D:\tmp\psm_groundserver\src\StationLibrary\stationlibrary.h">
      <Filter>Header Files</Filter>
    </ClInclude>
    <ClInclude Include="D:\tmp\psm_groundserver\src\StationLibrary\stationlibrary_global.h">
      <Filter>Header Files</Filter>
    </ClInclude>
    <ClInclude Include="D:\tmp\psm_groundserver\src\common\conn\tcp.h">
      <Filter>Header Files</Filter>
    </ClInclude>
    <ClInclude Include="D:\tmp\psm_groundserver\src\common\utils\util_buffer.h">
      <Filter>Header Files</Filter>
    </ClInclude>
    <ClInclude Include="D:\tmp\psm_groundserver\src\common\utils\util_log.h">
      <Filter>Header Files</Filter>
    </ClInclude>
    <ClInclude Include="D:\tmp\psm_groundserver\src\common\utils\utils.h">
      <Filter>Header Files</Filter>
    </ClInclude>
  </ItemGroup>
</Project>